
Microsoft Visual Studio Solution File, Format Version 12.00
# Visual Studio Version 17
VisualStudioVersion = 17.4.33110.190
MinimumVisualStudioVersion = 10.0.40219.1
Project("{FAE04EC0-301F-11D3-BF4B-00C04F79EFBC}") = "TodoWebApp", "TodoWebApp.csproj", "{CD639AB0-43CB-47BF-A44E-27BB74AE493E}"
EndProject
Global
	GlobalSection(SolutionConfigurationPlatforms) = preSolution
		Debug|Any CPU = Debug|Any CPU
		Release|Any CPU = Release|Any CPU
	EndGlobalSection
	GlobalSection(ProjectConfigurationPlatforms) = postSolution
		{CD639AB0-43CB-47BF-A44E-27BB74AE493E}.Debug|Any CPU.ActiveCfg = Debug|Any CPU
		{CD639AB0-43CB-47BF-A44E-27BB74AE493E}.Debug|Any CPU.Build.0 = Debug|Any CPU
		{CD639AB0-43CB-47BF-A44E-27BB74AE493E}.Release|Any CPU.ActiveCfg = Release|Any CPU
		{CD639AB0-43CB-47BF-A44E-27BB74AE493E}.Release|Any CPU.Build.0 = Release|Any CPU
	EndGlobalSection
	GlobalSection(SolutionProperties) = preSolution
		HideSolutionNode = FALSE
	EndGlobalSection
	GlobalSection(ExtensibilityGlobals) = postSolution
		SolutionGuid = {3C4FD1FF-395C-444C-BD34-45BD33041867}
	EndGlobalSection
EndGlobal
